
Microsoft Visual Studio Solution File, Format Version 12.00
# Visual Studio Version 16
VisualStudioVersion = 16.0.33027.164
MinimumVisualStudioVersion = 10.0.40219.1
Project("{9A19103F-16F7-4668-BE54-9A1E7A4F7556}") = "CarRentalManagement1.Server", "CarRentalManagement1\Server\CarRentalManagement1.Server.csproj", "{C59C0595-74AD-4A5D-871F-237D08613357}"
EndProject
Project("{9A19103F-16F7-4668-BE54-9A1E7A4F7556}") = "CarRentalManagement1.Client", "CarRentalManagement1\Client\CarRentalManagement1.Client.csproj", "{FA816232-B09A-4710-8A51-89B6393ED295}"
EndProject
Project("{9A19103F-16F7-4668-BE54-9A1E7A4F7556}") = "CarRentalManagement1.Shared", "CarRentalManagement1\Shared\CarRentalManagement1.Shared.csproj", "{611FA107-1A7C-4A20-8125-D39BF9F2FDC1}"
EndProject
Global
	GlobalSection(SolutionConfigurationPlatforms) = preSolution
		Debug|Any CPU = Debug|Any CPU
		Release|Any CPU = Release|Any CPU
	EndGlobalSection
	GlobalSection(ProjectConfigurationPlatforms) = postSolution
		{C59C0595-74AD-4A5D-871F-237D08613357}.Debug|Any CPU.ActiveCfg = Debug|Any CPU
		{C59C0595-74AD-4A5D-871F-237D08613357}.Debug|Any CPU.Build.0 = Debug|Any CPU
		{C59C0595-74AD-4A5D-871F-237D08613357}.Release|Any CPU.ActiveCfg = Release|Any CPU
		{C59C0595-74AD-4A5D-871F-237D08613357}.Release|Any CPU.Build.0 = Release|Any CPU
		{FA816232-B09A-4710-8A51-89B6393ED295}.Debug|Any CPU.ActiveCfg = Debug|Any CPU
		{FA816232-B09A-4710-8A51-89B6393ED295}.Debug|Any CPU.Build.0 = Debug|Any CPU
		{FA816232-B09A-4710-8A51-89B6393ED295}.Release|Any CPU.ActiveCfg = Release|Any CPU
		{FA816232-B09A-4710-8A51-89B6393ED295}.Release|Any CPU.Build.0 = Release|Any CPU
		{611FA107-1A7C-4A20-8125-D39BF9F2FDC1}.Debug|Any CPU.ActiveCfg = Debug|Any CPU
		{611FA107-1A7C-4A20-8125-D39BF9F2FDC1}.Debug|Any CPU.Build.0 = Debug|Any CPU
		{611FA107-1A7C-4A20-8125-D39BF9F2FDC1}.Release|Any CPU.ActiveCfg = Release|Any CPU
		{611FA107-1A7C-4A20-8125-D39BF9F2FDC1}.Release|Any CPU.Build.0 = Release|Any CPU
	EndGlobalSection
	GlobalSection(SolutionProperties) = preSolution
		HideSolutionNode = FALSE
	EndGlobalSection
	GlobalSection(ExtensibilityGlobals) = postSolution
		SolutionGuid = {D33195F7-D8F0-42F9-B6A1-99BB4B190441}
	EndGlobalSection
EndGlobal
